
Microsoft Visual Studio Solution File, Format Version 12.00
# Visual Studio 2015
Project("{FAE04EC0-301F-11D3-BF4B-00C04F79EFBC}") = "Test_Nave01.CSharp", "Test_Nave01.CSharp.csproj", "{76BC0914-6CC2-B6E7-7E46-8BBD807FF226}"
EndProject
Global
	GlobalSection(SolutionConfigurationPlatforms) = preSolution
		Debug|Any CPU = Debug|Any CPU
		Release|Any CPU = Release|Any CPU
	EndGlobalSection
	GlobalSection(ProjectConfigurationPlatforms) = postSolution
		{76BC0914-6CC2-B6E7-7E46-8BBD807FF226}.Debug|Any CPU.ActiveCfg = Debug|Any CPU
		{76BC0914-6CC2-B6E7-7E46-8BBD807FF226}.Debug|Any CPU.Build.0 = Debug|Any CPU
		{76BC0914-6CC2-B6E7-7E46-8BBD807FF226}.Release|Any CPU.ActiveCfg = Release|Any CPU
		{76BC0914-6CC2-B6E7-7E46-8BBD807FF226}.Release|Any CPU.Build.0 = Release|Any CPU
	EndGlobalSection
	GlobalSection(SolutionProperties) = preSolution
		HideSolutionNode = FALSE
	EndGlobalSection
EndGlobal
